
Microsoft Visual Studio Solution File, Format Version 12.00
# Visual Studio Version 16
VisualStudioVersion = 16.0.31515.178
MinimumVisualStudioVersion = 10.0.40219.1
Project("{8BC9CEB8-8B4A-11D0-8D11-00A0C91BC942}") = "SecondChance", "SecondChance\SecondChance.vcxproj", "{0230DCAC-33FC-4478-8857-76DD2456DA64}"
EndProject
Global
	GlobalSection(SolutionConfigurationPlatforms) = preSolution
		Release|x64 = Release|x64
	EndGlobalSection
	GlobalSection(ProjectConfigurationPlatforms) = postSolution
		{0230DCAC-33FC-4478-8857-76DD2456DA64}.Release|x64.ActiveCfg = Release|x64
		{0230DCAC-33FC-4478-8857-76DD2456DA64}.Release|x64.Build.0 = Release|x64
	EndGlobalSection
	GlobalSection(SolutionProperties) = preSolution
		HideSolutionNode = FALSE
	EndGlobalSection
	GlobalSection(ExtensibilityGlobals) = postSolution
		SolutionGuid = {9DF7830B-0949-42A7-8F60-E7D15EAFA849}
	EndGlobalSection
EndGlobal
